
Microsoft Visual Studio Solution File, Format Version 12.00
# Visual Studio 15
VisualStudioVersion = 15.0.28307.645
MinimumVisualStudioVersion = 10.0.40219.1
Project("{FAE04EC0-301F-11D3-BF4B-00C04F79EFBC}") = "ResourceVersionPackage", "ResourceVersionPackage\ResourceVersionPackage.csproj", "{7B3F9BBB-36B9-47F4-8DDE-59AF8F884429}"
EndProject
Global
	GlobalSection(SolutionConfigurationPlatforms) = preSolution
		Debug|Any CPU = Debug|Any CPU
		Release|Any CPU = Release|Any CPU
	EndGlobalSection
	GlobalSection(ProjectConfigurationPlatforms) = postSolution
		{7B3F9BBB-36B9-47F4-8DDE-59AF8F884429}.Debug|Any CPU.ActiveCfg = Debug|Any CPU
		{7B3F9BBB-36B9-47F4-8DDE-59AF8F884429}.Debug|Any CPU.Build.0 = Debug|Any CPU
		{7B3F9BBB-36B9-47F4-8DDE-59AF8F884429}.Release|Any CPU.ActiveCfg = Release|Any CPU
		{7B3F9BBB-36B9-47F4-8DDE-59AF8F884429}.Release|Any CPU.Build.0 = Release|Any CPU
	EndGlobalSection
	GlobalSection(SolutionProperties) = preSolution
		HideSolutionNode = FALSE
	EndGlobalSection
	GlobalSection(ExtensibilityGlobals) = postSolution
		SolutionGuid = {481822BD-A132-470B-8EB4-85C81CC534F0}
	EndGlobalSection
EndGlobal
